
Microsoft Visual Studio Solution File, Format Version 12.00
# Visual Studio Version 17
VisualStudioVersion = 17.0.31717.71
MinimumVisualStudioVersion = 10.0.40219.1
Project("{9A19103F-16F7-4668-BE54-9A1E7A4F7556}") = "WpfPyatnashki", "WpfPyatnashki\WpfPyatnashki.csproj", "{E1A8E6B3-6CAB-407B-85FD-66C46804D372}"
EndProject
Project("{9A19103F-16F7-4668-BE54-9A1E7A4F7556}") = "Solver", "Solver\Solver.csproj", "{86E64A69-5DAD-48F7-AD74-924146B053CE}"
EndProject
Project("{FAE04EC0-301F-11D3-BF4B-00C04F79EFBC}") = "SeleniumAutomation", "SeleniumAutomation\SeleniumAutomation.csproj", "{AFFB477E-DF0C-40B0-B15C-E8C19945E85A}"
EndProject
Global
	GlobalSection(SolutionConfigurationPlatforms) = preSolution
		Debug|Any CPU = Debug|Any CPU
		Release|Any CPU = Release|Any CPU
	EndGlobalSection
	GlobalSection(ProjectConfigurationPlatforms) = postSolution
		{E1A8E6B3-6CAB-407B-85FD-66C46804D372}.Debug|Any CPU.ActiveCfg = Debug|Any CPU
		{E1A8E6B3-6CAB-407B-85FD-66C46804D372}.Debug|Any CPU.Build.0 = Debug|Any CPU
		{E1A8E6B3-6CAB-407B-85FD-66C46804D372}.Release|Any CPU.ActiveCfg = Release|Any CPU
		{E1A8E6B3-6CAB-407B-85FD-66C46804D372}.Release|Any CPU.Build.0 = Release|Any CPU
		{86E64A69-5DAD-48F7-AD74-924146B053CE}.Debug|Any CPU.ActiveCfg = Debug|Any CPU
		{86E64A69-5DAD-48F7-AD74-924146B053CE}.Debug|Any CPU.Build.0 = Debug|Any CPU
		{86E64A69-5DAD-48F7-AD74-924146B053CE}.Release|Any CPU.ActiveCfg = Release|Any CPU
		{86E64A69-5DAD-48F7-AD74-924146B053CE}.Release|Any CPU.Build.0 = Release|Any CPU
		{AFFB477E-DF0C-40B0-B15C-E8C19945E85A}.Debug|Any CPU.ActiveCfg = Debug|Any CPU
		{AFFB477E-DF0C-40B0-B15C-E8C19945E85A}.Debug|Any CPU.Build.0 = Debug|Any CPU
		{AFFB477E-DF0C-40B0-B15C-E8C19945E85A}.Release|Any CPU.ActiveCfg = Release|Any CPU
		{AFFB477E-DF0C-40B0-B15C-E8C19945E85A}.Release|Any CPU.Build.0 = Release|Any CPU
	EndGlobalSection
	GlobalSection(SolutionProperties) = preSolution
		HideSolutionNode = FALSE
	EndGlobalSection
	GlobalSection(ExtensibilityGlobals) = postSolution
		SolutionGuid = {9F709D11-53CC-4EE5-83CA-1194FF4BD47C}
	EndGlobalSection
EndGlobal
